{
  "requires": true,
  "lockfileVersion": 1,
  "dependencies": {
    "chance": {
      "version": "1.1.6",
      "resolved": "https://registry.npmjs.org/chance/-/chance-1.1.6.tgz",
      "integrity": "sha512-DXLzaGjasDWbvlFAJyQBIwlzdQZuPdz4of9TTTxmHTjja88ZU/vBwUwxxjalSt43zWTPrhiJT0z0N4bZqfZS9w=="
    }
  }
}
